// !$*UTF8*$!
{
	archiveVersion = 1;
	classes = {
	};
	objectVersion = 56;
	objects = {

/* Begin PBXBuildFile section */
		BC955EAF2AEE83BE0016BDE3 /* RealmRelationColumnUpdateSampleApp.swift in Sources */ = {isa = PBXBuildFile; fileRef = BC955EAE2AEE83BE0016BDE3 /* RealmRelationColumnUpdateSampleApp.swift */; };
		BC955EB12AEE83BE0016BDE3 /* ContentView.swift in Sources */ = {isa = PBXBuildFile; fileRef = BC955EB02AEE83BE0016BDE3 /* ContentView.swift */; };
		BC955EB32AEE83BF0016BDE3 /* Assets.xcassets in Resources */ = {isa = PBXBuildFile; fileRef = BC955EB22AEE83BF0016BDE3 /* Assets.xcassets */; };
		BC955EB62AEE83BF0016BDE3 /* Preview Assets.xcassets in Resources */ = {isa = PBXBuildFile; fileRef = BC955EB52AEE83BF0016BDE3 /* Preview Assets.xcassets */; };
		BC955EBF2AEE84740016BDE3 /* Realm in Frameworks */ = {isa = PBXBuildFile; productRef = BC955EBE2AEE84740016BDE3 /* Realm */; };
		BC955EC12AEE84740016BDE3 /* RealmSwift in Frameworks */ = {isa = PBXBuildFile; productRef = BC955EC02AEE84740016BDE3 /* RealmSwift */; };
		BC955EC42AEE84A00016BDE3 /* ContentViewModel.swift in Sources */ = {isa = PBXBuildFile; fileRef = BC955EC32AEE84A00016BDE3 /* ContentViewModel.swift */; };
		BC955EC62AEE8B1D0016BDE3 /* TextFieldObserveUsecase.swift in Sources */ = {isa = PBXBuildFile; fileRef = BC955EC52AEE8B1D0016BDE3 /* TextFieldObserveUsecase.swift */; };
		BC955EC82AEE8D6C0016BDE3 /* CreateRealmRecodeUsecase.swift in Sources */ = {isa = PBXBuildFile; fileRef = BC955EC72AEE8D6C0016BDE3 /* CreateRealmRecodeUsecase.swift */; };
		BC955ECB2AEE8DC60016BDE3 /* SampleRealmObject.swift in Sources */ = {isa = PBXBuildFile; fileRef = BC955ECA2AEE8DC60016BDE3 /* SampleRealmObject.swift */; };
		BC955ECD2AEE90970016BDE3 /* SampleColumnRelationObject.swift in Sources */ = {isa = PBXBuildFile; fileRef = BC955ECC2AEE90970016BDE3 /* SampleColumnRelationObject.swift */; };
		BC955ECF2AEE91E40016BDE3 /* BaseRealmObject.swift in Sources */ = {isa = PBXBuildFile; fileRef = BC955ECE2AEE91E40016BDE3 /* BaseRealmObject.swift */; };
		BC955ED12AEEA45A0016BDE3 /* RealmAccessor.swift in Sources */ = {isa = PBXBuildFile; fileRef = BC955ED02AEEA45A0016BDE3 /* RealmAccessor.swift */; };
		BC955ED32AEFE0630016BDE3 /* UpdateRelationObjectUsecase.swift in Sources */ = {isa = PBXBuildFile; fileRef = BC955ED22AEFE0630016BDE3 /* UpdateRelationObjectUsecase.swift */; };
		BC955ED52AEFECDA0016BDE3 /* ObserveSampleObjectUsecase.swift in Sources */ = {isa = PBXBuildFile; fileRef = BC955ED42AEFECDA0016BDE3 /* ObserveSampleObjectUsecase.swift */; };
/* End PBXBuildFile section */

/* Begin PBXFileReference section */
		BC955EAB2AEE83BE0016BDE3 /* RealmRelationColumnUpdateSample.app */ = {isa = PBXFileReference; explicitFileType = wrapper.application; includeInIndex = 0; path = RealmRelationColumnUpdateSample.app; sourceTree = BUILT_PRODUCTS_DIR; };
		BC955EAE2AEE83BE0016BDE3 /* RealmRelationColumnUpdateSampleApp.swift */ = {isa = PBXFileReference; lastKnownFileType = sourcecode.swift; path = RealmRelationColumnUpdateSampleApp.swift; sourceTree = "<group>"; };
		BC955EB02AEE83BE0016BDE3 /* ContentView.swift */ = {isa = PBXFileReference; lastKnownFileType = sourcecode.swift; path = ContentView.swift; sourceTree = "<group>"; };
		BC955EB22AEE83BF0016BDE3 /* Assets.xcassets */ = {isa = PBXFileReference; lastKnownFileType = folder.assetcatalog; path = Assets.xcassets; sourceTree = "<group>"; };
		BC955EB52AEE83BF0016BDE3 /* Preview Assets.xcassets */ = {isa = PBXFileReference; lastKnownFileType = folder.assetcatalog; path = "Preview Assets.xcassets"; sourceTree = "<group>"; };
		BC955EC32AEE84A00016BDE3 /* ContentViewModel.swift */ = {isa = PBXFileReference; lastKnownFileType = sourcecode.swift; path = ContentViewModel.swift; sourceTree = "<group>"; };
		BC955EC52AEE8B1D0016BDE3 /* TextFieldObserveUsecase.swift */ = {isa = PBXFileReference; lastKnownFileType = sourcecode.swift; path = TextFieldObserveUsecase.swift; sourceTree = "<group>"; };
		BC955EC72AEE8D6C0016BDE3 /* CreateRealmRecodeUsecase.swift */ = {isa = PBXFileReference; lastKnownFileType = sourcecode.swift; path = CreateRealmRecodeUsecase.swift; sourceTree = "<group>"; };
		BC955ECA2AEE8DC60016BDE3 /* SampleRealmObject.swift */ = {isa = PBXFileReference; lastKnownFileType = sourcecode.swift; path = SampleRealmObject.swift; sourceTree = "<group>"; };
		BC955ECC2AEE90970016BDE3 /* SampleColumnRelationObject.swift */ = {isa = PBXFileReference; lastKnownFileType = sourcecode.swift; path = SampleColumnRelationObject.swift; sourceTree = "<group>"; };
		BC955ECE2AEE91E40016BDE3 /* BaseRealmObject.swift */ = {isa = PBXFileReference; lastKnownFileType = sourcecode.swift; path = BaseRealmObject.swift; sourceTree = "<group>"; };
		BC955ED02AEEA45A0016BDE3 /* RealmAccessor.swift */ = {isa = PBXFileReference; lastKnownFileType = sourcecode.swift; path = RealmAccessor.swift; sourceTree = "<group>"; };
		BC955ED22AEFE0630016BDE3 /* UpdateRelationObjectUsecase.swift */ = {isa = PBXFileReference; lastKnownFileType = sourcecode.swift; path = UpdateRelationObjectUsecase.swift; sourceTree = "<group>"; };
		BC955ED42AEFECDA0016BDE3 /* ObserveSampleObjectUsecase.swift */ = {isa = PBXFileReference; lastKnownFileType = sourcecode.swift; path = ObserveSampleObjectUsecase.swift; sourceTree = "<group>"; };
/* End PBXFileReference section */

/* Begin PBXFrameworksBuildPhase section */
		BC955EA82AEE83BE0016BDE3 /* Frameworks */ = {
			isa = PBXFrameworksBuildPhase;
			buildActionMask = 2147483647;
			files = (
				BC955EC12AEE84740016BDE3 /* RealmSwift in Frameworks */,
				BC955EBF2AEE84740016BDE3 /* Realm in Frameworks */,
			);
			runOnlyForDeploymentPostprocessing = 0;
		};
/* End PBXFrameworksBuildPhase section */

/* Begin PBXGroup section */
		BC955EA22AEE83BE0016BDE3 = {
			isa = PBXGroup;
			children = (
				BC955EAD2AEE83BE0016BDE3 /* RealmRelationColumnUpdateSample */,
				BC955EAC2AEE83BE0016BDE3 /* Products */,
			);
			sourceTree = "<group>";
		};
		BC955EAC2AEE83BE0016BDE3 /* Products */ = {
			isa = PBXGroup;
			children = (
				BC955EAB2AEE83BE0016BDE3 /* RealmRelationColumnUpdateSample.app */,
			);
			name = Products;
			sourceTree = "<group>";
		};
		BC955EAD2AEE83BE0016BDE3 /* RealmRelationColumnUpdateSample */ = {
			isa = PBXGroup;
			children = (
				BC955EBC2AEE83CB0016BDE3 /* RealmModel */,
				BC955EAE2AEE83BE0016BDE3 /* RealmRelationColumnUpdateSampleApp.swift */,
				BC955EC22AEE848F0016BDE3 /* ContentView */,
				BC955EB22AEE83BF0016BDE3 /* Assets.xcassets */,
				BC955EB42AEE83BF0016BDE3 /* Preview Content */,
			);
			path = RealmRelationColumnUpdateSample;
			sourceTree = "<group>";
		};
		BC955EB42AEE83BF0016BDE3 /* Preview Content */ = {
			isa = PBXGroup;
			children = (
				BC955EB52AEE83BF0016BDE3 /* Preview Assets.xcassets */,
			);
			path = "Preview Content";
			sourceTree = "<group>";
		};
		BC955EBC2AEE83CB0016BDE3 /* RealmModel */ = {
			isa = PBXGroup;
			children = (
				BC955EC92AEE8DB60016BDE3 /* Object */,
				BC955ED02AEEA45A0016BDE3 /* RealmAccessor.swift */,
			);
			path = RealmModel;
			sourceTree = "<group>";
		};
		BC955EC22AEE848F0016BDE3 /* ContentView */ = {
			isa = PBXGroup;
			children = (
				BC955EB02AEE83BE0016BDE3 /* ContentView.swift */,
				BC955EC32AEE84A00016BDE3 /* ContentViewModel.swift */,
				BC955EC52AEE8B1D0016BDE3 /* TextFieldObserveUsecase.swift */,
				BC955EC72AEE8D6C0016BDE3 /* CreateRealmRecodeUsecase.swift */,
				BC955ED22AEFE0630016BDE3 /* UpdateRelationObjectUsecase.swift */,
				BC955ED42AEFECDA0016BDE3 /* ObserveSampleObjectUsecase.swift */,
			);
			path = ContentView;
			sourceTree = "<group>";
		};
		BC955EC92AEE8DB60016BDE3 /* Object */ = {
			isa = PBXGroup;
			children = (
				BC955ECA2AEE8DC60016BDE3 /* SampleRealmObject.swift */,
				BC955ECC2AEE90970016BDE3 /* SampleColumnRelationObject.swift */,
				BC955ECE2AEE91E40016BDE3 /* BaseRealmObject.swift */,
			);
			path = Object;
			sourceTree = "<group>";
		};
/* End PBXGroup section */

/* Begin PBXNativeTarget section */
		BC955EAA2AEE83BE0016BDE3 /* RealmRelationColumnUpdateSample */ = {
			isa = PBXNativeTarget;
			buildConfigurationList = BC955EB92AEE83BF0016BDE3 /* Build configuration list for PBXNativeTarget "RealmRelationColumnUpdateSample" */;
			buildPhases = (
				BC955EA72AEE83BE0016BDE3 /* Sources */,
				BC955EA82AEE83BE0016BDE3 /* Frameworks */,
				BC955EA92AEE83BE0016BDE3 /* Resources */,
			);
			buildRules = (
			);
			dependencies = (
			);
			name = RealmRelationColumnUpdateSample;
			packageProductDependencies = (
				BC955EBE2AEE84740016BDE3 /* Realm */,
				BC955EC02AEE84740016BDE3 /* RealmSwift */,
			);
			productName = RealmRelationColumnUpdateSample;
			productReference = BC955EAB2AEE83BE0016BDE3 /* RealmRelationColumnUpdateSample.app */;
			productType = "com.apple.product-type.application";
		};
/* End PBXNativeTarget section */

/* Begin PBXProject section */
		BC955EA32AEE83BE0016BDE3 /* Project object */ = {
			isa = PBXProject;
			attributes = {
				BuildIndependentTargetsInParallel = 1;
				LastSwiftUpdateCheck = 1500;
				LastUpgradeCheck = 1500;
				TargetAttributes = {
					BC955EAA2AEE83BE0016BDE3 = {
						CreatedOnToolsVersion = 15.0;
					};
				};
			};
			buildConfigurationList = BC955EA62AEE83BE0016BDE3 /* Build configuration list for PBXProject "RealmRelationColumnUpdateSample" */;
			compatibilityVersion = "Xcode 14.0";
			developmentRegion = en;
			hasScannedForEncodings = 0;
			knownRegions = (
				en,
				Base,
			);
			mainGroup = BC955EA22AEE83BE0016BDE3;
			packageReferences = (
				BC955EBD2AEE84740016BDE3 /* XCRemoteSwiftPackageReference "realm-swift" */,
			);
			productRefGroup = BC955EAC2AEE83BE0016BDE3 /* Products */;
			projectDirPath = "";
			projectRoot = "";
			targets = (
				BC955EAA2AEE83BE0016BDE3 /* RealmRelationColumnUpdateSample */,
			);
		};
/* End PBXProject section */

/* Begin PBXResourcesBuildPhase section */
		BC955EA92AEE83BE0016BDE3 /* Resources */ = {
			isa = PBXResourcesBuildPhase;
			buildActionMask = 2147483647;
			files = (
				BC955EB62AEE83BF0016BDE3 /* Preview Assets.xcassets in Resources */,
				BC955EB32AEE83BF0016BDE3 /* Assets.xcassets in Resources */,
			);
			runOnlyForDeploymentPostprocessing = 0;
		};
/* End PBXResourcesBuildPhase section */

/* Begin PBXSourcesBuildPhase section */
		BC955EA72AEE83BE0016BDE3 /* Sources */ = {
			isa = PBXSourcesBuildPhase;
			buildActionMask = 2147483647;
			files = (
				BC955ECB2AEE8DC60016BDE3 /* SampleRealmObject.swift in Sources */,
				BC955EC62AEE8B1D0016BDE3 /* TextFieldObserveUsecase.swift in Sources */,
				BC955ED12AEEA45A0016BDE3 /* RealmAccessor.swift in Sources */,
				BC955ED52AEFECDA0016BDE3 /* ObserveSampleObjectUsecase.swift in Sources */,
				BC955ECD2AEE90970016BDE3 /* SampleColumnRelationObject.swift in Sources */,
				BC955ECF2AEE91E40016BDE3 /* BaseRealmObject.swift in Sources */,
				BC955ED32AEFE0630016BDE3 /* UpdateRelationObjectUsecase.swift in Sources */,
				BC955EB12AEE83BE0016BDE3 /* ContentView.swift in Sources */,
				BC955EAF2AEE83BE0016BDE3 /* RealmRelationColumnUpdateSampleApp.swift in Sources */,
				BC955EC82AEE8D6C0016BDE3 /* CreateRealmRecodeUsecase.swift in Sources */,
				BC955EC42AEE84A00016BDE3 /* ContentViewModel.swift in Sources */,
			);
			runOnlyForDeploymentPostprocessing = 0;
		};
/* End PBXSourcesBuildPhase section */

/* Begin XCBuildConfiguration section */
		BC955EB72AEE83BF0016BDE3 /* Debug */ = {
			isa = XCBuildConfiguration;
			buildSettings = {
				ALWAYS_SEARCH_USER_PATHS = NO;
				ASSETCATALOG_COMPILER_GENERATE_SWIFT_ASSET_SYMBOL_EXTENSIONS = YES;
				CLANG_ANALYZER_NONNULL = YES;
				CLANG_ANALYZER_NUMBER_OBJECT_CONVERSION = YES_AGGRESSIVE;
				CLANG_CXX_LANGUAGE_STANDARD = "gnu++20";
				CLANG_ENABLE_MODULES = YES;
				CLANG_ENABLE_OBJC_ARC = YES;
				CLANG_ENABLE_OBJC_WEAK = YES;
				CLANG_WARN_BLOCK_CAPTURE_AUTORELEASING = YES;
				CLANG_WARN_BOOL_CONVERSION = YES;
				CLANG_WARN_COMMA = YES;
				CLANG_WARN_CONSTANT_CONVERSION = YES;
				CLANG_WARN_DEPRECATED_OBJC_IMPLEMENTATIONS = YES;
				CLANG_WARN_DIRECT_OBJC_ISA_USAGE = YES_ERROR;
				CLANG_WARN_DOCUMENTATION_COMMENTS = YES;
				CLANG_WARN_EMPTY_BODY = YES;
				CLANG_WARN_ENUM_CONVERSION = YES;
				CLANG_WARN_INFINITE_RECURSION = YES;
				CLANG_WARN_INT_CONVERSION = YES;
				CLANG_WARN_NON_LITERAL_NULL_CONVERSION = YES;
				CLANG_WARN_OBJC_IMPLICIT_RETAIN_SELF = YES;
				CLANG_WARN_OBJC_LITERAL_CONVERSION = YES;
				CLANG_WARN_OBJC_ROOT_CLASS = YES_ERROR;
				CLANG_WARN_QUOTED_INCLUDE_IN_FRAMEWORK_HEADER = YES;
				CLANG_WARN_RANGE_LOOP_ANALYSIS = YES;
				CLANG_WARN_STRICT_PROTOTYPES = YES;
				CLANG_WARN_SUSPICIOUS_MOVE = YES;
				CLANG_WARN_UNGUARDED_AVAILABILITY = YES_AGGRESSIVE;
				CLANG_WARN_UNREACHABLE_CODE = YES;
				CLANG_WARN__DUPLICATE_METHOD_MATCH = YES;
				COPY_PHASE_STRIP = NO;
				DEBUG_INFORMATION_FORMAT = dwarf;
				ENABLE_STRICT_OBJC_MSGSEND = YES;
				ENABLE_TESTABILITY = YES;
				ENABLE_USER_SCRIPT_SANDBOXING = YES;
				GCC_C_LANGUAGE_STANDARD = gnu17;
				GCC_DYNAMIC_NO_PIC = NO;
				GCC_NO_COMMON_BLOCKS = YES;
				GCC_OPTIMIZATION_LEVEL = 0;
				GCC_PREPROCESSOR_DEFINITIONS = (
					"DEBUG=1",
					"$(inherited)",
				);
				GCC_WARN_64_TO_32_BIT_CONVERSION = YES;
				GCC_WARN_ABOUT_RETURN_TYPE = YES_ERROR;
				GCC_WARN_UNDECLARED_SELECTOR = YES;
				GCC_WARN_UNINITIALIZED_AUTOS = YES_AGGRESSIVE;
				GCC_WARN_UNUSED_FUNCTION = YES;
				GCC_WARN_UNUSED_VARIABLE = YES;
				IPHONEOS_DEPLOYMENT_TARGET = 17.0;
				LOCALIZATION_PREFERS_STRING_CATALOGS = YES;
				MTL_ENABLE_DEBUG_INFO = INCLUDE_SOURCE;
				MTL_FAST_MATH = YES;
				ONLY_ACTIVE_ARCH = YES;
				SDKROOT = iphoneos;
				SWIFT_ACTIVE_COMPILATION_CONDITIONS = "DEBUG $(inherited)";
				SWIFT_OPTIMIZATION_LEVEL = "-Onone";
			};
			name = Debug;
		};
		BC955EB82AEE83BF0016BDE3 /* Release */ = {
			isa = XCBuildConfiguration;
			buildSettings = {
				ALWAYS_SEARCH_USER_PATHS = NO;
				ASSETCATALOG_COMPILER_GENERATE_SWIFT_ASSET_SYMBOL_EXTENSIONS = YES;
				CLANG_ANALYZER_NONNULL = YES;
				CLANG_ANALYZER_NUMBER_OBJECT_CONVERSION = YES_AGGRESSIVE;
				CLANG_CXX_LANGUAGE_STANDARD = "gnu++20";
				CLANG_ENABLE_MODULES = YES;
				CLANG_ENABLE_OBJC_ARC = YES;
				CLANG_ENABLE_OBJC_WEAK = YES;
				CLANG_WARN_BLOCK_CAPTURE_AUTORELEASING = YES;
				CLANG_WARN_BOOL_CONVERSION = YES;
				CLANG_WARN_COMMA = YES;
				CLANG_WARN_CONSTANT_CONVERSION = YES;
				CLANG_WARN_DEPRECATED_OBJC_IMPLEMENTATIONS = YES;
				CLANG_WARN_DIRECT_OBJC_ISA_USAGE = YES_ERROR;
				CLANG_WARN_DOCUMENTATION_COMMENTS = YES;
				CLANG_WARN_EMPTY_BODY = YES;
				CLANG_WARN_ENUM_CONVERSION = YES;
				CLANG_WARN_INFINITE_RECURSION = YES;
				CLANG_WARN_INT_CONVERSION = YES;
				CLANG_WARN_NON_LITERAL_NULL_CONVERSION = YES;
				CLANG_WARN_OBJC_IMPLICIT_RETAIN_SELF = YES;
				CLANG_WARN_OBJC_LITERAL_CONVERSION = YES;
				CLANG_WARN_OBJC_ROOT_CLASS = YES_ERROR;
				CLANG_WARN_QUOTED_INCLUDE_IN_FRAMEWORK_HEADER = YES;
				CLANG_WARN_RANGE_LOOP_ANALYSIS = YES;
				CLANG_WARN_STRICT_PROTOTYPES = YES;
				CLANG_WARN_SUSPICIOUS_MOVE = YES;
				CLANG_WARN_UNGUARDED_AVAILABILITY = YES_AGGRESSIVE;
				CLANG_WARN_UNREACHABLE_CODE = YES;
				CLANG_WARN__DUPLICATE_METHOD_MATCH = YES;
				COPY_PHASE_STRIP = NO;
				DEBUG_INFORMATION_FORMAT = "dwarf-with-dsym";
				ENABLE_NS_ASSERTIONS = NO;
				ENABLE_STRICT_OBJC_MSGSEND = YES;
				ENABLE_USER_SCRIPT_SANDBOXING = YES;
				GCC_C_LANGUAGE_STANDARD = gnu17;
				GCC_NO_COMMON_BLOCKS = YES;
				GCC_WARN_64_TO_32_BIT_CONVERSION = YES;
				GCC_WARN_ABOUT_RETURN_TYPE = YES_ERROR;
				GCC_WARN_UNDECLARED_SELECTOR = YES;
				GCC_WARN_UNINITIALIZED_AUTOS = YES_AGGRESSIVE;
				GCC_WARN_UNUSED_FUNCTION = YES;
				GCC_WARN_UNUSED_VARIABLE = YES;
				IPHONEOS_DEPLOYMENT_TARGET = 17.0;
				LOCALIZATION_PREFERS_STRING_CATALOGS = YES;
				MTL_ENABLE_DEBUG_INFO = NO;
				MTL_FAST_MATH = YES;
				SDKROOT = iphoneos;
				SWIFT_COMPILATION_MODE = wholemodule;
				VALIDATE_PRODUCT = YES;
			};
			name = Release;
		};
		BC955EBA2AEE83BF0016BDE3 /* Debug */ = {
			isa = XCBuildConfiguration;
			buildSettings = {
				ASSETCATALOG_COMPILER_APPICON_NAME = AppIcon;
				ASSETCATALOG_COMPILER_GLOBAL_ACCENT_COLOR_NAME = AccentColor;
				CODE_SIGN_STYLE = Automatic;
				CURRENT_PROJECT_VERSION = 1;
				DEVELOPMENT_ASSET_PATHS = "\"RealmRelationColumnUpdateSample/Preview Content\"";
				DEVELOPMENT_TEAM = 56LYVN6DMF;
				ENABLE_PREVIEWS = YES;
				GENERATE_INFOPLIST_FILE = YES;
				INFOPLIST_KEY_UIApplicationSceneManifest_Generation = YES;
				INFOPLIST_KEY_UIApplicationSupportsIndirectInputEvents = YES;
				INFOPLIST_KEY_UILaunchScreen_Generation = YES;
				INFOPLIST_KEY_UISupportedInterfaceOrientations_iPad = "UIInterfaceOrientationPortrait UIInterfaceOrientationPortraitUpsideDown UIInterfaceOrientationLandscapeLeft UIInterfaceOrientationLandscapeRight";
				INFOPLIST_KEY_UISupportedInterfaceOrientations_iPhone = "UIInterfaceOrientationPortrait UIInterfaceOrientationLandscapeLeft UIInterfaceOrientationLandscapeRight";
				LD_RUNPATH_SEARCH_PATHS = (
					"$(inherited)",
					"@executable_path/Frameworks",
				);
				MARKETING_VERSION = 1.0;
				PRODUCT_BUNDLE_IDENTIFIER = taichi.satou.RealmRelationColumnUpdateSample;
				PRODUCT_NAME = "$(TARGET_NAME)";
				SWIFT_EMIT_LOC_STRINGS = YES;
				SWIFT_VERSION = 5.0;
				TARGETED_DEVICE_FAMILY = "1,2";
			};
			name = Debug;
		};
		BC955EBB2AEE83BF0016BDE3 /* Release */ = {
			isa = XCBuildConfiguration;
			buildSettings = {
				ASSETCATALOG_COMPILER_APPICON_NAME = AppIcon;
				ASSETCATALOG_COMPILER_GLOBAL_ACCENT_COLOR_NAME = AccentColor;
				CODE_SIGN_STYLE = Automatic;
				CURRENT_PROJECT_VERSION = 1;
				DEVELOPMENT_ASSET_PATHS = "\"RealmRelationColumnUpdateSample/Preview Content\"";
				DEVELOPMENT_TEAM = 56LYVN6DMF;
				ENABLE_PREVIEWS = YES;
				GENERATE_INFOPLIST_FILE = YES;
				INFOPLIST_KEY_UIApplicationSceneManifest_Generation = YES;
				INFOPLIST_KEY_UIApplicationSupportsIndirectInputEvents = YES;
				INFOPLIST_KEY_UILaunchScreen_Generation = YES;
				INFOPLIST_KEY_UISupportedInterfaceOrientations_iPad = "UIInterfaceOrientationPortrait UIInterfaceOrientationPortraitUpsideDown UIInterfaceOrientationLandscapeLeft UIInterfaceOrientationLandscapeRight";
				INFOPLIST_KEY_UISupportedInterfaceOrientations_iPhone = "UIInterfaceOrientationPortrait UIInterfaceOrientationLandscapeLeft UIInterfaceOrientationLandscapeRight";
				LD_RUNPATH_SEARCH_PATHS = (
					"$(inherited)",
					"@executable_path/Frameworks",
				);
				MARKETING_VERSION = 1.0;
				PRODUCT_BUNDLE_IDENTIFIER = taichi.satou.RealmRelationColumnUpdateSample;
				PRODUCT_NAME = "$(TARGET_NAME)";
				SWIFT_EMIT_LOC_STRINGS = YES;
				SWIFT_VERSION = 5.0;
				TARGETED_DEVICE_FAMILY = "1,2";
			};
			name = Release;
		};
/* End XCBuildConfiguration section */

/* Begin XCConfigurationList section */
		BC955EA62AEE83BE0016BDE3 /* Build configuration list for PBXProject "RealmRelationColumnUpdateSample" */ = {
			isa = XCConfigurationList;
			buildConfigurations = (
				BC955EB72AEE83BF0016BDE3 /* Debug */,
				BC955EB82AEE83BF0016BDE3 /* Release */,
			);
			defaultConfigurationIsVisible = 0;
			defaultConfigurationName = Release;
		};
		BC955EB92AEE83BF0016BDE3 /* Build configuration list for PBXNativeTarget "RealmRelationColumnUpdateSample" */ = {
			isa = XCConfigurationList;
			buildConfigurations = (
				BC955EBA2AEE83BF0016BDE3 /* Debug */,
				BC955EBB2AEE83BF0016BDE3 /* Release */,
			);
			defaultConfigurationIsVisible = 0;
			defaultConfigurationName = Release;
		};
/* End XCConfigurationList section */

/* Begin XCRemoteSwiftPackageReference section */
		BC955EBD2AEE84740016BDE3 /* XCRemoteSwiftPackageReference "realm-swift" */ = {
			isa = XCRemoteSwiftPackageReference;
			repositoryURL = "https://github.com/realm/realm-swift";
			requirement = {
				branch = master;
				kind = branch;
			};
		};
/* End XCRemoteSwiftPackageReference section */

/* Begin XCSwiftPackageProductDependency section */
		BC955EBE2AEE84740016BDE3 /* Realm */ = {
			isa = XCSwiftPackageProductDependency;
			package = BC955EBD2AEE84740016BDE3 /* XCRemoteSwiftPackageReference "realm-swift" */;
			productName = Realm;
		};
		BC955EC02AEE84740016BDE3 /* RealmSwift */ = {
			isa = XCSwiftPackageProductDependency;
			package = BC955EBD2AEE84740016BDE3 /* XCRemoteSwiftPackageReference "realm-swift" */;
			productName = RealmSwift;
		};
/* End XCSwiftPackageProductDependency section */
	};
	rootObject = BC955EA32AEE83BE0016BDE3 /* Project object */;
}
